// !$*UTF8*$!
{
	archiveVersion = 1;
	classes = {
	};
	objectVersion = 50;
	objects = {

/* Begin PBXBuildFile section */
		CA15A35F25E86561007D2959 /* RSSRChannel.m in Sources */ = {isa = PBXBuildFile; fileRef = CA15A35D25E86561007D2959 /* RSSRChannel.m */; settings = {COMPILER_FLAGS = "-fobjc-arc"; }; };
		CA15A36425E86676007D2959 /* RSSRFeedService.m in Sources */ = {isa = PBXBuildFile; fileRef = CA15A36325E86676007D2959 /* RSSRFeedService.m */; };
		CA15A36925E952E6007D2959 /* RSSRFileService.m in Sources */ = {isa = PBXBuildFile; fileRef = CA15A36825E952E6007D2959 /* RSSRFileService.m */; };
		CA15A38525E9572C007D2959 /* RSSRSettingsPresenter.m in Sources */ = {isa = PBXBuildFile; fileRef = CA15A37125E9572C007D2959 /* RSSRSettingsPresenter.m */; settings = {COMPILER_FLAGS = "-fobjc-arc"; }; };
		CA15A38625E9572C007D2959 /* RSSRSettingsController.xib in Resources */ = {isa = PBXBuildFile; fileRef = CA15A37425E9572C007D2959 /* RSSRSettingsController.xib */; };
		CA15A38725E9572C007D2959 /* RSSRChannelOptionCell.m in Sources */ = {isa = PBXBuildFile; fileRef = CA15A37725E9572C007D2959 /* RSSRChannelOptionCell.m */; };
		CA15A38825E9572C007D2959 /* RSSRChannelOptionCell.xib in Resources */ = {isa = PBXBuildFile; fileRef = CA15A37825E9572C007D2959 /* RSSRChannelOptionCell.xib */; };
		CA15A38925E9572C007D2959 /* RSSRChannelCell.xib in Resources */ = {isa = PBXBuildFile; fileRef = CA15A37C25E9572C007D2959 /* RSSRChannelCell.xib */; };
		CA15A38A25E9572C007D2959 /* RSSRChannelCell.m in Sources */ = {isa = PBXBuildFile; fileRef = CA15A37D25E9572C007D2959 /* RSSRChannelCell.m */; };
		CA15A38B25E9572C007D2959 /* RSSRSettingsController.m in Sources */ = {isa = PBXBuildFile; fileRef = CA15A37E25E9572C007D2959 /* RSSRSettingsController.m */; settings = {COMPILER_FLAGS = "-fobjc-arc"; }; };
		CA15A38C25E9572C007D2959 /* RSSRSelfResizedTableView.m in Sources */ = {isa = PBXBuildFile; fileRef = CA15A38125E9572C007D2959 /* RSSRSelfResizedTableView.m */; settings = {COMPILER_FLAGS = "-fobjc-arc"; }; };
		CA3025542579A65C00BFEF5A /* NSString+XMLTagsRemover.m in Sources */ = {isa = PBXBuildFile; fileRef = CA3025532579A65C00BFEF5A /* NSString+XMLTagsRemover.m */; };
		CA46CEF325C89E3D00057BAA /* RSSRTopicTableViewCell.m in Sources */ = {isa = PBXBuildFile; fileRef = CAB5FDD0256711A200163CBC /* RSSRTopicTableViewCell.m */; settings = {COMPILER_FLAGS = "-fobjc-arc"; }; };
		CA46CEF625C89F9100057BAA /* RSSRTopicsListViewController.m in Sources */ = {isa = PBXBuildFile; fileRef = CAB5FDCE256711A200163CBC /* RSSRTopicsListViewController.m */; settings = {COMPILER_FLAGS = "-fobjc-arc"; }; };
		CA46CEFC25C8A4DC00057BAA /* RSSRWebBrowserController.m in Sources */ = {isa = PBXBuildFile; fileRef = CA46CEFA25C8A4DC00057BAA /* RSSRWebBrowserController.m */; settings = {COMPILER_FLAGS = "-fobjc-arc"; }; };
		CA46CEFD25C8A4DC00057BAA /* RSSRWebBrowserController.xib in Resources */ = {isa = PBXBuildFile; fileRef = CA46CEFB25C8A4DC00057BAA /* RSSRWebBrowserController.xib */; };
		CA46CF0225C8A50C00057BAA /* UIImage+RSSRImage.m in Sources */ = {isa = PBXBuildFile; fileRef = CA46CF0025C8A50C00057BAA /* UIImage+RSSRImage.m */; };
		CA46CF0725C8AF6D00057BAA /* RSSRTopicsListPresenter.m in Sources */ = {isa = PBXBuildFile; fileRef = CAB5FDCA256711A200163CBC /* RSSRTopicsListPresenter.m */; settings = {COMPILER_FLAGS = "-fobjc-arc"; }; };
		CA554FC125642E8E009F124F /* AppDelegate.m in Sources */ = {isa = PBXBuildFile; fileRef = CA554FC025642E8E009F124F /* AppDelegate.m */; settings = {COMPILER_FLAGS = "-fobjc-arc"; }; };
		CA554FC425642E8E009F124F /* SceneDelegate.m in Sources */ = {isa = PBXBuildFile; fileRef = CA554FC325642E8E009F124F /* SceneDelegate.m */; settings = {COMPILER_FLAGS = "-fobjc-arc"; }; };
		CA554FCC25642E91009F124F /* Assets.xcassets in Resources */ = {isa = PBXBuildFile; fileRef = CA554FCB25642E91009F124F /* Assets.xcassets */; };
		CA554FCF25642E91009F124F /* LaunchScreen.storyboard in Resources */ = {isa = PBXBuildFile; fileRef = CA554FCD25642E91009F124F /* LaunchScreen.storyboard */; };
		CA554FD225642E91009F124F /* main.m in Sources */ = {isa = PBXBuildFile; fileRef = CA554FD125642E91009F124F /* main.m */; };
		CA589B2B25DC8F3600178E51 /* NSString+WhitespaceString.m in Sources */ = {isa = PBXBuildFile; fileRef = CA589B2A25DC8F3600178E51 /* NSString+WhitespaceString.m */; };
		CA589B3125DD1BBE00178E51 /* WebKit.framework in Frameworks */ = {isa = PBXBuildFile; fileRef = CA589B3025DD1BBE00178E51 /* WebKit.framework */; };
		CA6FCAC925B88B46006E4DB7 /* NSError+ErrorParsing.m in Sources */ = {isa = PBXBuildFile; fileRef = CA85149E257E45FC00908C5A /* NSError+ErrorParsing.m */; settings = {COMPILER_FLAGS = "-fobjc-arc"; }; };
		CA6FCAD525B898ED006E4DB7 /* NSString+LocalizedString.m in Sources */ = {isa = PBXBuildFile; fileRef = CA6FCAD425B898ED006E4DB7 /* NSString+LocalizedString.m */; };
		CA6FCAE225B8A5D4006E4DB7 /* Localizable.strings in Resources */ = {isa = PBXBuildFile; fileRef = CA6FCAE425B8A5D4006E4DB7 /* Localizable.strings */; };
		CAB5FDD6256711A200163CBC /* RSSRNetworkService.m in Sources */ = {isa = PBXBuildFile; fileRef = CAB5FDBF256711A200163CBC /* RSSRNetworkService.m */; settings = {COMPILER_FLAGS = "-fobjc-arc"; }; };
		CAB5FDD7256711A200163CBC /* RSSRFeedParser.m in Sources */ = {isa = PBXBuildFile; fileRef = CAB5FDC1256711A200163CBC /* RSSRFeedParser.m */; settings = {COMPILER_FLAGS = "-fobjc-arc"; }; };
		CAB5FDDC256711A200163CBC /* RSSRTopicTableViewCell.xib in Resources */ = {isa = PBXBuildFile; fileRef = CAB5FDD2256711A200163CBC /* RSSRTopicTableViewCell.xib */; };
		CAB5FDDD256711A200163CBC /* RSSRTopic.m in Sources */ = {isa = PBXBuildFile; fileRef = CAB5FDD4256711A200163CBC /* RSSRTopic.m */; };
		CAB5FDE525671B1900163CBC /* UIColor+RSSRColor.m in Sources */ = {isa = PBXBuildFile; fileRef = CAB5FDE425671B1900163CBC /* UIColor+RSSRColor.m */; };
		CAD0D96625E3B85800457435 /* RSSRAnnotationButton.m in Sources */ = {isa = PBXBuildFile; fileRef = CAD0D96525E3B85800457435 /* RSSRAnnotationButton.m */; settings = {COMPILER_FLAGS = "-fobjc-arc"; }; };
		CAD3D8EB256D9C6100BCDD49 /* NSDate+StringConversion.m in Sources */ = {isa = PBXBuildFile; fileRef = CAD3D8EA256D9C6100BCDD49 /* NSDate+StringConversion.m */; };
		CAFB3C412571128500440354 /* UIViewController+ViewControllerPresentable.m in Sources */ = {isa = PBXBuildFile; fileRef = CAFB3C402571128500440354 /* UIViewController+ViewControllerPresentable.m */; };
/* End PBXBuildFile section */

/* Begin PBXFileReference section */
		CA15A35D25E86561007D2959 /* RSSRChannel.m */ = {isa = PBXFileReference; fileEncoding = 4; lastKnownFileType = sourcecode.c.objc; path = RSSRChannel.m; sourceTree = "<group>"; };
		CA15A35E25E86561007D2959 /* RSSRChannel.h */ = {isa = PBXFileReference; fileEncoding = 4; lastKnownFileType = sourcecode.c.h; path = RSSRChannel.h; sourceTree = "<group>"; };
		CA15A36225E86676007D2959 /* RSSRFeedService.h */ = {isa = PBXFileReference; fileEncoding = 4; lastKnownFileType = sourcecode.c.h; path = RSSRFeedService.h; sourceTree = "<group>"; };
		CA15A36325E86676007D2959 /* RSSRFeedService.m */ = {isa = PBXFileReference; fileEncoding = 4; lastKnownFileType = sourcecode.c.objc; path = RSSRFeedService.m; sourceTree = "<group>"; };
		CA15A36725E952E6007D2959 /* RSSRFileService.h */ = {isa = PBXFileReference; fileEncoding = 4; lastKnownFileType = sourcecode.c.h; path = RSSRFileService.h; sourceTree = "<group>"; };
		CA15A36825E952E6007D2959 /* RSSRFileService.m */ = {isa = PBXFileReference; fileEncoding = 4; lastKnownFileType = sourcecode.c.objc; path = RSSRFileService.m; sourceTree = "<group>"; };
		CA15A37125E9572C007D2959 /* RSSRSettingsPresenter.m */ = {isa = PBXFileReference; fileEncoding = 4; lastKnownFileType = sourcecode.c.objc; path = RSSRSettingsPresenter.m; sourceTree = "<group>"; };
		CA15A37225E9572C007D2959 /* RSSRSettingsPresenter.h */ = {isa = PBXFileReference; fileEncoding = 4; lastKnownFileType = sourcecode.c.h; path = RSSRSettingsPresenter.h; sourceTree = "<group>"; };
		CA15A37425E9572C007D2959 /* RSSRSettingsController.xib */ = {isa = PBXFileReference; fileEncoding = 4; lastKnownFileType = file.xib; path = RSSRSettingsController.xib; sourceTree = "<group>"; };
		CA15A37525E9572C007D2959 /* RSSRSettingsController.h */ = {isa = PBXFileReference; fileEncoding = 4; lastKnownFileType = sourcecode.c.h; path = RSSRSettingsController.h; sourceTree = "<group>"; };
		CA15A37725E9572C007D2959 /* RSSRChannelOptionCell.m */ = {isa = PBXFileReference; fileEncoding = 4; lastKnownFileType = sourcecode.c.objc; path = RSSRChannelOptionCell.m; sourceTree = "<group>"; };
		CA15A37825E9572C007D2959 /* RSSRChannelOptionCell.xib */ = {isa = PBXFileReference; fileEncoding = 4; lastKnownFileType = file.xib; path = RSSRChannelOptionCell.xib; sourceTree = "<group>"; };
		CA15A37925E9572C007D2959 /* RSSRChannelOptionCell.h */ = {isa = PBXFileReference; fileEncoding = 4; lastKnownFileType = sourcecode.c.h; path = RSSRChannelOptionCell.h; sourceTree = "<group>"; };
		CA15A37B25E9572C007D2959 /* RSSRChannelCell.h */ = {isa = PBXFileReference; fileEncoding = 4; lastKnownFileType = sourcecode.c.h; path = RSSRChannelCell.h; sourceTree = "<group>"; };
		CA15A37C25E9572C007D2959 /* RSSRChannelCell.xib */ = {isa = PBXFileReference; fileEncoding = 4; lastKnownFileType = file.xib; path = RSSRChannelCell.xib; sourceTree = "<group>"; };
		CA15A37D25E9572C007D2959 /* RSSRChannelCell.m */ = {isa = PBXFileReference; fileEncoding = 4; lastKnownFileType = sourcecode.c.objc; path = RSSRChannelCell.m; sourceTree = "<group>"; };
		CA15A37E25E9572C007D2959 /* RSSRSettingsController.m */ = {isa = PBXFileReference; fileEncoding = 4; lastKnownFileType = sourcecode.c.objc; path = RSSRSettingsController.m; sourceTree = "<group>"; };
		CA15A38025E9572C007D2959 /* RSSRSelfResizedTableView.h */ = {isa = PBXFileReference; fileEncoding = 4; lastKnownFileType = sourcecode.c.h; path = RSSRSelfResizedTableView.h; sourceTree = "<group>"; };
		CA15A38125E9572C007D2959 /* RSSRSelfResizedTableView.m */ = {isa = PBXFileReference; fileEncoding = 4; lastKnownFileType = sourcecode.c.objc; path = RSSRSelfResizedTableView.m; sourceTree = "<group>"; };
		CA15A38325E9572C007D2959 /* RSSFeedsSettingsPresenter.h */ = {isa = PBXFileReference; fileEncoding = 4; lastKnownFileType = sourcecode.c.h; path = RSSFeedsSettingsPresenter.h; sourceTree = "<group>"; };
		CA15A38425E9572C007D2959 /* RSSFeedsSettingsView.h */ = {isa = PBXFileReference; fileEncoding = 4; lastKnownFileType = sourcecode.c.h; path = RSSFeedsSettingsView.h; sourceTree = "<group>"; };
		CA3025522579A65C00BFEF5A /* NSString+XMLTagsRemover.h */ = {isa = PBXFileReference; lastKnownFileType = sourcecode.c.h; path = "NSString+XMLTagsRemover.h"; sourceTree = "<group>"; };
		CA3025532579A65C00BFEF5A /* NSString+XMLTagsRemover.m */ = {isa = PBXFileReference; lastKnownFileType = sourcecode.c.objc; path = "NSString+XMLTagsRemover.m"; sourceTree = "<group>"; };
		CA46CEF925C8A4DC00057BAA /* RSSRWebBrowserController.h */ = {isa = PBXFileReference; fileEncoding = 4; lastKnownFileType = sourcecode.c.h; path = RSSRWebBrowserController.h; sourceTree = "<group>"; };
		CA46CEFA25C8A4DC00057BAA /* RSSRWebBrowserController.m */ = {isa = PBXFileReference; fileEncoding = 4; lastKnownFileType = sourcecode.c.objc; path = RSSRWebBrowserController.m; sourceTree = "<group>"; };
		CA46CEFB25C8A4DC00057BAA /* RSSRWebBrowserController.xib */ = {isa = PBXFileReference; fileEncoding = 4; lastKnownFileType = file.xib; path = RSSRWebBrowserController.xib; sourceTree = "<group>"; };
		CA46CF0025C8A50C00057BAA /* UIImage+RSSRImage.m */ = {isa = PBXFileReference; fileEncoding = 4; lastKnownFileType = sourcecode.c.objc; path = "UIImage+RSSRImage.m"; sourceTree = "<group>"; };
		CA46CF0125C8A50C00057BAA /* UIImage+RSSRImage.h */ = {isa = PBXFileReference; fileEncoding = 4; lastKnownFileType = sourcecode.c.h; path = "UIImage+RSSRImage.h"; sourceTree = "<group>"; };
		CA554FBC25642E8E009F124F /* RSS Reader.app */ = {isa = PBXFileReference; explicitFileType = wrapper.application; includeInIndex = 0; path = "RSS Reader.app"; sourceTree = BUILT_PRODUCTS_DIR; };
		CA554FBF25642E8E009F124F /* AppDelegate.h */ = {isa = PBXFileReference; lastKnownFileType = sourcecode.c.h; path = AppDelegate.h; sourceTree = "<group>"; };
		CA554FC025642E8E009F124F /* AppDelegate.m */ = {isa = PBXFileReference; lastKnownFileType = sourcecode.c.objc; path = AppDelegate.m; sourceTree = "<group>"; };
		CA554FC225642E8E009F124F /* SceneDelegate.h */ = {isa = PBXFileReference; lastKnownFileType = sourcecode.c.h; path = SceneDelegate.h; sourceTree = "<group>"; };
		CA554FC325642E8E009F124F /* SceneDelegate.m */ = {isa = PBXFileReference; lastKnownFileType = sourcecode.c.objc; path = SceneDelegate.m; sourceTree = "<group>"; };
		CA554FCB25642E91009F124F /* Assets.xcassets */ = {isa = PBXFileReference; lastKnownFileType = folder.assetcatalog; path = Assets.xcassets; sourceTree = "<group>"; };
		CA554FCE25642E91009F124F /* Base */ = {isa = PBXFileReference; lastKnownFileType = file.storyboard; name = Base; path = Base.lproj/LaunchScreen.storyboard; sourceTree = "<group>"; };
		CA554FD025642E91009F124F /* Info.plist */ = {isa = PBXFileReference; lastKnownFileType = text.plist.xml; path = Info.plist; sourceTree = "<group>"; };
		CA554FD125642E91009F124F /* main.m */ = {isa = PBXFileReference; lastKnownFileType = sourcecode.c.objc; path = main.m; sourceTree = "<group>"; };
		CA589B2925DC8F3600178E51 /* NSString+WhitespaceString.h */ = {isa = PBXFileReference; lastKnownFileType = sourcecode.c.h; path = "NSString+WhitespaceString.h"; sourceTree = "<group>"; };
		CA589B2A25DC8F3600178E51 /* NSString+WhitespaceString.m */ = {isa = PBXFileReference; lastKnownFileType = sourcecode.c.objc; path = "NSString+WhitespaceString.m"; sourceTree = "<group>"; };
		CA589B3025DD1BBE00178E51 /* WebKit.framework */ = {isa = PBXFileReference; lastKnownFileType = wrapper.framework; name = WebKit.framework; path = System/Library/Frameworks/WebKit.framework; sourceTree = SDKROOT; };
		CA6FCACB25B88BEE006E4DB7 /* ErrorConstants.h */ = {isa = PBXFileReference; lastKnownFileType = sourcecode.c.h; path = ErrorConstants.h; sourceTree = "<group>"; };
		CA6FCAD325B898ED006E4DB7 /* NSString+LocalizedString.h */ = {isa = PBXFileReference; lastKnownFileType = sourcecode.c.h; path = "NSString+LocalizedString.h"; sourceTree = "<group>"; };
		CA6FCAD425B898ED006E4DB7 /* NSString+LocalizedString.m */ = {isa = PBXFileReference; lastKnownFileType = sourcecode.c.objc; path = "NSString+LocalizedString.m"; sourceTree = "<group>"; };
		CA6FCAE325B8A5D4006E4DB7 /* en */ = {isa = PBXFileReference; lastKnownFileType = text.plist.strings; name = en; path = en.lproj/Localizable.strings; sourceTree = "<group>"; };
		CA6FCAE625B8A5E1006E4DB7 /* ru */ = {isa = PBXFileReference; lastKnownFileType = text.plist.strings; name = ru; path = ru.lproj/Localizable.strings; sourceTree = "<group>"; };
		CA7EC38E256E8745007CEACB /* RSSRTopicItemProtocol.h */ = {isa = PBXFileReference; lastKnownFileType = sourcecode.c.h; path = RSSRTopicItemProtocol.h; sourceTree = "<group>"; };
		CA85149D257E45FC00908C5A /* NSError+ErrorParsing.h */ = {isa = PBXFileReference; lastKnownFileType = sourcecode.c.h; path = "NSError+ErrorParsing.h"; sourceTree = "<group>"; };
		CA85149E257E45FC00908C5A /* NSError+ErrorParsing.m */ = {isa = PBXFileReference; lastKnownFileType = sourcecode.c.objc; path = "NSError+ErrorParsing.m"; sourceTree = "<group>"; };
		CAB5FDBF256711A200163CBC /* RSSRNetworkService.m */ = {isa = PBXFileReference; fileEncoding = 4; lastKnownFileType = sourcecode.c.objc; path = RSSRNetworkService.m; sourceTree = "<group>"; };
		CAB5FDC1256711A200163CBC /* RSSRFeedParser.m */ = {isa = PBXFileReference; fileEncoding = 4; lastKnownFileType = sourcecode.c.objc; path = RSSRFeedParser.m; sourceTree = "<group>"; };
		CAB5FDC2256711A200163CBC /* RSSRFeedParser.h */ = {isa = PBXFileReference; fileEncoding = 4; lastKnownFileType = sourcecode.c.h; path = RSSRFeedParser.h; sourceTree = "<group>"; };
		CAB5FDC3256711A200163CBC /* RSSRNetworkService.h */ = {isa = PBXFileReference; fileEncoding = 4; lastKnownFileType = sourcecode.c.h; path = RSSRNetworkService.h; sourceTree = "<group>"; };
		CAB5FDC9256711A200163CBC /* RSSRTopicsListPresenter.h */ = {isa = PBXFileReference; fileEncoding = 4; lastKnownFileType = sourcecode.c.h; path = RSSRTopicsListPresenter.h; sourceTree = "<group>"; };
		CAB5FDCA256711A200163CBC /* RSSRTopicsListPresenter.m */ = {isa = PBXFileReference; fileEncoding = 4; lastKnownFileType = sourcecode.c.objc; path = RSSRTopicsListPresenter.m; sourceTree = "<group>"; };
		CAB5FDCC256711A200163CBC /* RSSRTopicsListViewController.h */ = {isa = PBXFileReference; fileEncoding = 4; lastKnownFileType = sourcecode.c.h; path = RSSRTopicsListViewController.h; sourceTree = "<group>"; };
		CAB5FDCD256711A200163CBC /* RSSFeedView.h */ = {isa = PBXFileReference; fileEncoding = 4; lastKnownFileType = sourcecode.c.h; path = RSSFeedView.h; sourceTree = "<group>"; };
		CAB5FDCE256711A200163CBC /* RSSRTopicsListViewController.m */ = {isa = PBXFileReference; fileEncoding = 4; lastKnownFileType = sourcecode.c.objc; path = RSSRTopicsListViewController.m; sourceTree = "<group>"; };
		CAB5FDD0256711A200163CBC /* RSSRTopicTableViewCell.m */ = {isa = PBXFileReference; fileEncoding = 4; lastKnownFileType = sourcecode.c.objc; path = RSSRTopicTableViewCell.m; sourceTree = "<group>"; };
		CAB5FDD1256711A200163CBC /* RSSRTopicTableViewCell.h */ = {isa = PBXFileReference; fileEncoding = 4; lastKnownFileType = sourcecode.c.h; path = RSSRTopicTableViewCell.h; sourceTree = "<group>"; };
		CAB5FDD2256711A200163CBC /* RSSRTopicTableViewCell.xib */ = {isa = PBXFileReference; fileEncoding = 4; lastKnownFileType = file.xib; path = RSSRTopicTableViewCell.xib; sourceTree = "<group>"; };
		CAB5FDD4256711A200163CBC /* RSSRTopic.m */ = {isa = PBXFileReference; fileEncoding = 4; lastKnownFileType = sourcecode.c.objc; path = RSSRTopic.m; sourceTree = "<group>"; };
		CAB5FDD5256711A200163CBC /* RSSRTopic.h */ = {isa = PBXFileReference; fileEncoding = 4; lastKnownFileType = sourcecode.c.h; path = RSSRTopic.h; sourceTree = "<group>"; };
		CAB5FDE325671B1900163CBC /* UIColor+RSSRColor.h */ = {isa = PBXFileReference; lastKnownFileType = sourcecode.c.h; path = "UIColor+RSSRColor.h"; sourceTree = "<group>"; };
		CAB5FDE425671B1900163CBC /* UIColor+RSSRColor.m */ = {isa = PBXFileReference; lastKnownFileType = sourcecode.c.objc; path = "UIColor+RSSRColor.m"; sourceTree = "<group>"; };
		CAD0D96425E3B85800457435 /* RSSRAnnotationButton.h */ = {isa = PBXFileReference; lastKnownFileType = sourcecode.c.h; path = RSSRAnnotationButton.h; sourceTree = "<group>"; };
		CAD0D96525E3B85800457435 /* RSSRAnnotationButton.m */ = {isa = PBXFileReference; lastKnownFileType = sourcecode.c.objc; path = RSSRAnnotationButton.m; sourceTree = "<group>"; };
		CAD3D8E9256D9C6100BCDD49 /* NSDate+StringConversion.h */ = {isa = PBXFileReference; lastKnownFileType = sourcecode.c.h; path = "NSDate+StringConversion.h"; sourceTree = "<group>"; };
		CAD3D8EA256D9C6100BCDD49 /* NSDate+StringConversion.m */ = {isa = PBXFileReference; lastKnownFileType = sourcecode.c.objc; path = "NSDate+StringConversion.m"; sourceTree = "<group>"; };
		CAFB3C3B2571067E00440354 /* RSSFeedPresenter.h */ = {isa = PBXFileReference; lastKnownFileType = sourcecode.c.h; path = RSSFeedPresenter.h; sourceTree = "<group>"; };
		CAFB3C3E2571125200440354 /* ViewControllerPresentable.h */ = {isa = PBXFileReference; lastKnownFileType = sourcecode.c.h; path = ViewControllerPresentable.h; sourceTree = "<group>"; };
		CAFB3C3F2571128500440354 /* UIViewController+ViewControllerPresentable.h */ = {isa = PBXFileReference; lastKnownFileType = sourcecode.c.h; path = "UIViewController+ViewControllerPresentable.h"; sourceTree = "<group>"; };
		CAFB3C402571128500440354 /* UIViewController+ViewControllerPresentable.m */ = {isa = PBXFileReference; lastKnownFileType = sourcecode.c.objc; path = "UIViewController+ViewControllerPresentable.m"; sourceTree = "<group>"; };
/* End PBXFileReference section */

/* Begin PBXFrameworksBuildPhase section */
		CA554FB925642E8E009F124F /* Frameworks */ = {
			isa = PBXFrameworksBuildPhase;
			buildActionMask = 2147483647;
			files = (
				CA589B3125DD1BBE00178E51 /* WebKit.framework in Frameworks */,
			);
			runOnlyForDeploymentPostprocessing = 0;
		};
/* End PBXFrameworksBuildPhase section */

/* Begin PBXGroup section */
		CA15A35B25E86546007D2959 /* Topic */ = {
			isa = PBXGroup;
			children = (
				CA7EC38E256E8745007CEACB /* RSSRTopicItemProtocol.h */,
				CAB5FDD5256711A200163CBC /* RSSRTopic.h */,
				CAB5FDD4256711A200163CBC /* RSSRTopic.m */,
			);
			path = Topic;
			sourceTree = "<group>";
		};
		CA15A35C25E86561007D2959 /* Channel */ = {
			isa = PBXGroup;
			children = (
				CA15A35E25E86561007D2959 /* RSSRChannel.h */,
				CA15A35D25E86561007D2959 /* RSSRChannel.m */,
			);
			path = Channel;
			sourceTree = "<group>";
		};
		CA15A36125E86676007D2959 /* Feed service */ = {
			isa = PBXGroup;
			children = (
				CA15A36225E86676007D2959 /* RSSRFeedService.h */,
				CA15A36325E86676007D2959 /* RSSRFeedService.m */,
			);
			path = "Feed service";
			sourceTree = "<group>";
		};
		CA15A36625E952E6007D2959 /* File Service */ = {
			isa = PBXGroup;
			children = (
				CA15A36725E952E6007D2959 /* RSSRFileService.h */,
				CA15A36825E952E6007D2959 /* RSSRFileService.m */,
			);
			path = "File Service";
			sourceTree = "<group>";
		};
		CA15A36F25E9572C007D2959 /* Settings */ = {
			isa = PBXGroup;
			children = (
				CA15A38225E9572C007D2959 /* Protocols */,
				CA15A37025E9572C007D2959 /* Presenter */,
				CA15A37325E9572C007D2959 /* View */,
			);
			path = Settings;
			sourceTree = "<group>";
		};
		CA15A37025E9572C007D2959 /* Presenter */ = {
			isa = PBXGroup;
			children = (
				CA15A37225E9572C007D2959 /* RSSRSettingsPresenter.h */,
				CA15A37125E9572C007D2959 /* RSSRSettingsPresenter.m */,
			);
			path = Presenter;
			sourceTree = "<group>";
		};
		CA15A37325E9572C007D2959 /* View */ = {
			isa = PBXGroup;
			children = (
				CA15A37F25E9572C007D2959 /* Resized Tableview */,
				CA15A37625E9572C007D2959 /* Channel option cell */,
				CA15A37A25E9572C007D2959 /* Channel Cell */,
				CA15A37525E9572C007D2959 /* RSSRSettingsController.h */,
				CA15A37E25E9572C007D2959 /* RSSRSettingsController.m */,
				CA15A37425E9572C007D2959 /* RSSRSettingsController.xib */,
			);
			path = View;
			sourceTree = "<group>";
		};
		CA15A37625E9572C007D2959 /* Channel option cell */ = {
			isa = PBXGroup;
			children = (
				CA15A37925E9572C007D2959 /* RSSRChannelOptionCell.h */,
				CA15A37725E9572C007D2959 /* RSSRChannelOptionCell.m */,
				CA15A37825E9572C007D2959 /* RSSRChannelOptionCell.xib */,
			);
			path = "Channel option cell";
			sourceTree = "<group>";
		};
		CA15A37A25E9572C007D2959 /* Channel Cell */ = {
			isa = PBXGroup;
			children = (
				CA15A37B25E9572C007D2959 /* RSSRChannelCell.h */,
				CA15A37D25E9572C007D2959 /* RSSRChannelCell.m */,
				CA15A37C25E9572C007D2959 /* RSSRChannelCell.xib */,
			);
			path = "Channel Cell";
			sourceTree = "<group>";
		};
		CA15A37F25E9572C007D2959 /* Resized Tableview */ = {
			isa = PBXGroup;
			children = (
				CA15A38025E9572C007D2959 /* RSSRSelfResizedTableView.h */,
				CA15A38125E9572C007D2959 /* RSSRSelfResizedTableView.m */,
			);
			path = "Resized Tableview";
			sourceTree = "<group>";
		};
		CA15A38225E9572C007D2959 /* Protocols */ = {
			isa = PBXGroup;
			children = (
				CA15A38325E9572C007D2959 /* RSSFeedsSettingsPresenter.h */,
				CA15A38425E9572C007D2959 /* RSSFeedsSettingsView.h */,
			);
			path = Protocols;
			sourceTree = "<group>";
		};
		CA3025512579A3F400BFEF5A /* NSString */ = {
			isa = PBXGroup;
			children = (
				CA589B2D25DC8F3A00178E51 /* WhitespaceString */,
				CA6FCAD925B899D5006E4DB7 /* XMLTagRemover */,
				CA6FCAD225B8988E006E4DB7 /* LocalizedString */,
			);
			path = NSString;
			sourceTree = "<group>";
		};
		CA46CEEF25C896DC00057BAA /* View Controllers */ = {
			isa = PBXGroup;
			children = (
				CA15A36F25E9572C007D2959 /* Settings */,
				CA46CEF825C8A4DC00057BAA /* Web Browser */,
				CAB5FDC7256711A200163CBC /* Topics list */,
			);
			path = "View Controllers";
			sourceTree = "<group>";
		};
		CA46CEF825C8A4DC00057BAA /* Web Browser */ = {
			isa = PBXGroup;
			children = (
				CA46CEF925C8A4DC00057BAA /* RSSRWebBrowserController.h */,
				CA46CEFA25C8A4DC00057BAA /* RSSRWebBrowserController.m */,
				CA46CEFB25C8A4DC00057BAA /* RSSRWebBrowserController.xib */,
			);
			path = "Web Browser";
			sourceTree = "<group>";
		};
		CA46CEFF25C8A50C00057BAA /* UIImage */ = {
			isa = PBXGroup;
			children = (
				CA46CF0125C8A50C00057BAA /* UIImage+RSSRImage.h */,
				CA46CF0025C8A50C00057BAA /* UIImage+RSSRImage.m */,
			);
			path = UIImage;
			sourceTree = "<group>";
		};
		CA554FB325642E8E009F124F = {
			isa = PBXGroup;
			children = (
				CA554FBE25642E8E009F124F /* RSS Reader */,
				CA554FBD25642E8E009F124F /* Products */,
				CA589B2F25DD1BBD00178E51 /* Frameworks */,
			);
			sourceTree = "<group>";
		};
		CA554FBD25642E8E009F124F /* Products */ = {
			isa = PBXGroup;
			children = (
				CA554FBC25642E8E009F124F /* RSS Reader.app */,
			);
			name = Products;
			sourceTree = "<group>";
		};
		CA554FBE25642E8E009F124F /* RSS Reader */ = {
			isa = PBXGroup;
			children = (
				CA46CEEF25C896DC00057BAA /* View Controllers */,
				CAB5FDBD256711A200163CBC /* Services */,
				CAB5FDD3256711A200163CBC /* Model */,
				CAB5FDE125671AC700163CBC /* Categories */,
				CA554FDA25642EEF009F124F /* Default */,
				CA554FCB25642E91009F124F /* Assets.xcassets */,
				CA554FD025642E91009F124F /* Info.plist */,
			);
			path = "RSS Reader";
			sourceTree = "<group>";
		};
		CA554FDA25642EEF009F124F /* Default */ = {
			isa = PBXGroup;
			children = (
				CA554FBF25642E8E009F124F /* AppDelegate.h */,
				CA554FC025642E8E009F124F /* AppDelegate.m */,
				CA554FC225642E8E009F124F /* SceneDelegate.h */,
				CA554FC325642E8E009F124F /* SceneDelegate.m */,
				CA554FCD25642E91009F124F /* LaunchScreen.storyboard */,
				CA554FD125642E91009F124F /* main.m */,
			);
			path = Default;
			sourceTree = "<group>";
		};
		CA589B2D25DC8F3A00178E51 /* WhitespaceString */ = {
			isa = PBXGroup;
			children = (
				CA589B2925DC8F3600178E51 /* NSString+WhitespaceString.h */,
				CA589B2A25DC8F3600178E51 /* NSString+WhitespaceString.m */,
			);
			path = WhitespaceString;
			sourceTree = "<group>";
		};
		CA589B2F25DD1BBD00178E51 /* Frameworks */ = {
			isa = PBXGroup;
			children = (
				CA589B3025DD1BBE00178E51 /* WebKit.framework */,
			);
			name = Frameworks;
			sourceTree = "<group>";
		};
		CA6FCAAF25B7977A006E4DB7 /* Localization */ = {
			isa = PBXGroup;
			children = (
				CA6FCAE425B8A5D4006E4DB7 /* Localizable.strings */,
				CA6FCACB25B88BEE006E4DB7 /* ErrorConstants.h */,
			);
			path = Localization;
			sourceTree = "<group>";
		};
		CA6FCAD225B8988E006E4DB7 /* LocalizedString */ = {
			isa = PBXGroup;
			children = (
				CA6FCAD325B898ED006E4DB7 /* NSString+LocalizedString.h */,
				CA6FCAD425B898ED006E4DB7 /* NSString+LocalizedString.m */,
			);
			path = LocalizedString;
			sourceTree = "<group>";
		};
		CA6FCAD925B899D5006E4DB7 /* XMLTagRemover */ = {
			isa = PBXGroup;
			children = (
				CA3025522579A65C00BFEF5A /* NSString+XMLTagsRemover.h */,
				CA3025532579A65C00BFEF5A /* NSString+XMLTagsRemover.m */,
			);
			path = XMLTagRemover;
			sourceTree = "<group>";
		};
		CA85149C257E45DF00908C5A /* NSError */ = {
			isa = PBXGroup;
			children = (
				CA6FCAAF25B7977A006E4DB7 /* Localization */,
				CA85149D257E45FC00908C5A /* NSError+ErrorParsing.h */,
				CA85149E257E45FC00908C5A /* NSError+ErrorParsing.m */,
			);
			path = NSError;
			sourceTree = "<group>";
		};
		CAB5FDBD256711A200163CBC /* Services */ = {
			isa = PBXGroup;
			children = (
				CA15A36625E952E6007D2959 /* File Service */,
				CA15A36125E86676007D2959 /* Feed service */,
				CAB5FDC0256711A200163CBC /* Parser */,
				CAB5FDBE256711A200163CBC /* Network service */,
			);
			path = Services;
			sourceTree = "<group>";
		};
		CAB5FDBE256711A200163CBC /* Network service */ = {
			isa = PBXGroup;
			children = (
				CAB5FDC3256711A200163CBC /* RSSRNetworkService.h */,
				CAB5FDBF256711A200163CBC /* RSSRNetworkService.m */,
			);
			path = "Network service";
			sourceTree = "<group>";
		};
		CAB5FDC0256711A200163CBC /* Parser */ = {
			isa = PBXGroup;
			children = (
				CAB5FDC2256711A200163CBC /* RSSRFeedParser.h */,
				CAB5FDC1256711A200163CBC /* RSSRFeedParser.m */,
			);
			path = Parser;
			sourceTree = "<group>";
		};
		CAB5FDC7256711A200163CBC /* Topics list */ = {
			isa = PBXGroup;
			children = (
				CAFB3C3A2571064B00440354 /* Protocols */,
				CAB5FDC8256711A200163CBC /* Presenter */,
				CAB5FDCB256711A200163CBC /* View  */,
			);
			path = "Topics list";
			sourceTree = "<group>";
		};
		CAB5FDC8256711A200163CBC /* Presenter */ = {
			isa = PBXGroup;
			children = (
				CAB5FDC9256711A200163CBC /* RSSRTopicsListPresenter.h */,
				CAB5FDCA256711A200163CBC /* RSSRTopicsListPresenter.m */,
			);
			path = Presenter;
			sourceTree = "<group>";
		};
		CAB5FDCB256711A200163CBC /* View  */ = {
			isa = PBXGroup;
			children = (
				CAB5FDCF256711A200163CBC /* Topic cell */,
				CAB5FDCC256711A200163CBC /* RSSRTopicsListViewController.h */,
				CAB5FDCE256711A200163CBC /* RSSRTopicsListViewController.m */,
			);
			path = "View ";
			sourceTree = "<group>";
		};
		CAB5FDCF256711A200163CBC /* Topic cell */ = {
			isa = PBXGroup;
			children = (
				CAD0D96325E3B83A00457435 /* Annotation Button */,
				CAB5FDD1256711A200163CBC /* RSSRTopicTableViewCell.h */,
				CAB5FDD0256711A200163CBC /* RSSRTopicTableViewCell.m */,
				CAB5FDD2256711A200163CBC /* RSSRTopicTableViewCell.xib */,
			);
			path = "Topic cell";
			sourceTree = "<group>";
		};
		CAB5FDD3256711A200163CBC /* Model */ = {
			isa = PBXGroup;
			children = (
				CA15A35C25E86561007D2959 /* Channel */,
				CA15A35B25E86546007D2959 /* Topic */,
			);
			path = Model;
			sourceTree = "<group>";
		};
		CAB5FDE125671AC700163CBC /* Categories */ = {
			isa = PBXGroup;
			children = (
				CA46CEFF25C8A50C00057BAA /* UIImage */,
				CA85149C257E45DF00908C5A /* NSError */,
				CA3025512579A3F400BFEF5A /* NSString */,
				CAFB3C3D25710CB000440354 /* UIViewController */,
				CAD3D8E8256D9BA000BCDD49 /* NSDate */,
				CAD3D8E6256D9B8B00BCDD49 /* UIColor */,
			);
			path = Categories;
			sourceTree = "<group>";
		};
		CAD0D96325E3B83A00457435 /* Annotation Button */ = {
			isa = PBXGroup;
			children = (
				CAD0D96425E3B85800457435 /* RSSRAnnotationButton.h */,
				CAD0D96525E3B85800457435 /* RSSRAnnotationButton.m */,
			);
			path = "Annotation Button";
			sourceTree = "<group>";
		};
		CAD3D8E6256D9B8B00BCDD49 /* UIColor */ = {
			isa = PBXGroup;
			children = (
				CAB5FDE325671B1900163CBC /* UIColor+RSSRColor.h */,
				CAB5FDE425671B1900163CBC /* UIColor+RSSRColor.m */,
			);
			path = UIColor;
			sourceTree = "<group>";
		};
		CAD3D8E8256D9BA000BCDD49 /* NSDate */ = {
			isa = PBXGroup;
			children = (
				CAD3D8E9256D9C6100BCDD49 /* NSDate+StringConversion.h */,
				CAD3D8EA256D9C6100BCDD49 /* NSDate+StringConversion.m */,
			);
			path = NSDate;
			sourceTree = "<group>";
		};
		CAFB3C3A2571064B00440354 /* Protocols */ = {
			isa = PBXGroup;
			children = (
				CAB5FDCD256711A200163CBC /* RSSFeedView.h */,
				CAFB3C3B2571067E00440354 /* RSSFeedPresenter.h */,
			);
			path = Protocols;
			sourceTree = "<group>";
		};
		CAFB3C3D25710CB000440354 /* UIViewController */ = {
			isa = PBXGroup;
			children = (
				CAFB3C3E2571125200440354 /* ViewControllerPresentable.h */,
				CAFB3C3F2571128500440354 /* UIViewController+ViewControllerPresentable.h */,
				CAFB3C402571128500440354 /* UIViewController+ViewControllerPresentable.m */,
			);
			path = UIViewController;
			sourceTree = "<group>";
		};
/* End PBXGroup section */

/* Begin PBXNativeTarget section */
		CA554FBB25642E8E009F124F /* RSS Reader */ = {
			isa = PBXNativeTarget;
			buildConfigurationList = CA554FD525642E91009F124F /* Build configuration list for PBXNativeTarget "RSS Reader" */;
			buildPhases = (
				CA554FB825642E8E009F124F /* Sources */,
				CA554FB925642E8E009F124F /* Frameworks */,
				CA554FBA25642E8E009F124F /* Resources */,
			);
			buildRules = (
			);
			dependencies = (
			);
			name = "RSS Reader";
			productName = "RSS Reader";
			productReference = CA554FBC25642E8E009F124F /* RSS Reader.app */;
			productType = "com.apple.product-type.application";
		};
/* End PBXNativeTarget section */

/* Begin PBXProject section */
		CA554FB425642E8E009F124F /* Project object */ = {
			isa = PBXProject;
			attributes = {
				LastUpgradeCheck = 1230;
				TargetAttributes = {
					CA554FBB25642E8E009F124F = {
						CreatedOnToolsVersion = 12.1;
					};
				};
			};
			buildConfigurationList = CA554FB725642E8E009F124F /* Build configuration list for PBXProject "RSS Reader" */;
			compatibilityVersion = "Xcode 9.3";
			developmentRegion = en;
			hasScannedForEncodings = 0;
			knownRegions = (
				en,
				Base,
				ru,
			);
			mainGroup = CA554FB325642E8E009F124F;
			productRefGroup = CA554FBD25642E8E009F124F /* Products */;
			projectDirPath = "";
			projectRoot = "";
			targets = (
				CA554FBB25642E8E009F124F /* RSS Reader */,
			);
		};
/* End PBXProject section */

/* Begin PBXResourcesBuildPhase section */
		CA554FBA25642E8E009F124F /* Resources */ = {
			isa = PBXResourcesBuildPhase;
			buildActionMask = 2147483647;
			files = (
				CA15A38825E9572C007D2959 /* RSSRChannelOptionCell.xib in Resources */,
				CA15A38625E9572C007D2959 /* RSSRSettingsController.xib in Resources */,
				CA554FCF25642E91009F124F /* LaunchScreen.storyboard in Resources */,
				CA46CEFD25C8A4DC00057BAA /* RSSRWebBrowserController.xib in Resources */,
				CA6FCAE225B8A5D4006E4DB7 /* Localizable.strings in Resources */,
				CAB5FDDC256711A200163CBC /* RSSRTopicTableViewCell.xib in Resources */,
				CA554FCC25642E91009F124F /* Assets.xcassets in Resources */,
				CA15A38925E9572C007D2959 /* RSSRChannelCell.xib in Resources */,
			);
			runOnlyForDeploymentPostprocessing = 0;
		};
/* End PBXResourcesBuildPhase section */

/* Begin PBXSourcesBuildPhase section */
		CA554FB825642E8E009F124F /* Sources */ = {
			isa = PBXSourcesBuildPhase;
			buildActionMask = 2147483647;
			files = (
				CA46CEF625C89F9100057BAA /* RSSRTopicsListViewController.m in Sources */,
				CA15A36925E952E6007D2959 /* RSSRFileService.m in Sources */,
				CA46CEF325C89E3D00057BAA /* RSSRTopicTableViewCell.m in Sources */,
				CA46CF0225C8A50C00057BAA /* UIImage+RSSRImage.m in Sources */,
				CA554FC125642E8E009F124F /* AppDelegate.m in Sources */,
				CA554FD225642E91009F124F /* main.m in Sources */,
				CA15A38525E9572C007D2959 /* RSSRSettingsPresenter.m in Sources */,
				CAB5FDE525671B1900163CBC /* UIColor+RSSRColor.m in Sources */,
				CA46CEFC25C8A4DC00057BAA /* RSSRWebBrowserController.m in Sources */,
				CAFB3C412571128500440354 /* UIViewController+ViewControllerPresentable.m in Sources */,
				CAB5FDD6256711A200163CBC /* RSSRNetworkService.m in Sources */,
				CA589B2B25DC8F3600178E51 /* NSString+WhitespaceString.m in Sources */,
				CA15A38B25E9572C007D2959 /* RSSRSettingsController.m in Sources */,
				CA6FCAD525B898ED006E4DB7 /* NSString+LocalizedString.m in Sources */,
				CAB5FDD7256711A200163CBC /* RSSRFeedParser.m in Sources */,
				CA15A38725E9572C007D2959 /* RSSRChannelOptionCell.m in Sources */,
				CA554FC425642E8E009F124F /* SceneDelegate.m in Sources */,
				CA15A36425E86676007D2959 /* RSSRFeedService.m in Sources */,
				CAD0D96625E3B85800457435 /* RSSRAnnotationButton.m in Sources */,
				CAB5FDDD256711A200163CBC /* RSSRTopic.m in Sources */,
				CA15A38C25E9572C007D2959 /* RSSRSelfResizedTableView.m in Sources */,
				CAD3D8EB256D9C6100BCDD49 /* NSDate+StringConversion.m in Sources */,
				CA46CF0725C8AF6D00057BAA /* RSSRTopicsListPresenter.m in Sources */,
				CA3025542579A65C00BFEF5A /* NSString+XMLTagsRemover.m in Sources */,
				CA6FCAC925B88B46006E4DB7 /* NSError+ErrorParsing.m in Sources */,
				CA15A38A25E9572C007D2959 /* RSSRChannelCell.m in Sources */,
				CA15A35F25E86561007D2959 /* RSSRChannel.m in Sources */,
			);
			runOnlyForDeploymentPostprocessing = 0;
		};
/* End PBXSourcesBuildPhase section */

/* Begin PBXVariantGroup section */
		CA554FCD25642E91009F124F /* LaunchScreen.storyboard */ = {
			isa = PBXVariantGroup;
			children = (
				CA554FCE25642E91009F124F /* Base */,
			);
			name = LaunchScreen.storyboard;
			sourceTree = "<group>";
		};
		CA6FCAE425B8A5D4006E4DB7 /* Localizable.strings */ = {
			isa = PBXVariantGroup;
			children = (
				CA6FCAE325B8A5D4006E4DB7 /* en */,
				CA6FCAE625B8A5E1006E4DB7 /* ru */,
			);
			name = Localizable.strings;
			sourceTree = "<group>";
		};
/* End PBXVariantGroup section */

/* Begin XCBuildConfiguration section */
		CA554FD325642E91009F124F /* Debug */ = {
			isa = XCBuildConfiguration;
			buildSettings = {
				ALWAYS_SEARCH_USER_PATHS = NO;
				CLANG_ANALYZER_LOCALIZABILITY_NONLOCALIZED = YES;
				CLANG_ANALYZER_NONNULL = YES;
				CLANG_ANALYZER_NUMBER_OBJECT_CONVERSION = YES_AGGRESSIVE;
				CLANG_CXX_LANGUAGE_STANDARD = "gnu++14";
				CLANG_CXX_LIBRARY = "libc++";
				CLANG_ENABLE_MODULES = YES;
				CLANG_ENABLE_OBJC_ARC = NO;
				CLANG_ENABLE_OBJC_WEAK = YES;
				CLANG_WARN_BLOCK_CAPTURE_AUTORELEASING = YES;
				CLANG_WARN_BOOL_CONVERSION = YES;
				CLANG_WARN_COMMA = YES;
				CLANG_WARN_CONSTANT_CONVERSION = YES;
				CLANG_WARN_DEPRECATED_OBJC_IMPLEMENTATIONS = YES;
				CLANG_WARN_DIRECT_OBJC_ISA_USAGE = YES_ERROR;
				CLANG_WARN_DOCUMENTATION_COMMENTS = YES;
				CLANG_WARN_EMPTY_BODY = YES;
				CLANG_WARN_ENUM_CONVERSION = YES;
				CLANG_WARN_INFINITE_RECURSION = YES;
				CLANG_WARN_INT_CONVERSION = YES;
				CLANG_WARN_NON_LITERAL_NULL_CONVERSION = YES;
				CLANG_WARN_OBJC_IMPLICIT_RETAIN_SELF = YES;
				CLANG_WARN_OBJC_LITERAL_CONVERSION = YES;
				CLANG_WARN_OBJC_ROOT_CLASS = YES_ERROR;
				CLANG_WARN_QUOTED_INCLUDE_IN_FRAMEWORK_HEADER = YES;
				CLANG_WARN_RANGE_LOOP_ANALYSIS = YES;
				CLANG_WARN_STRICT_PROTOTYPES = YES;
				CLANG_WARN_SUSPICIOUS_MOVE = YES;
				CLANG_WARN_UNGUARDED_AVAILABILITY = YES_AGGRESSIVE;
				CLANG_WARN_UNREACHABLE_CODE = YES;
				CLANG_WARN__DUPLICATE_METHOD_MATCH = YES;
				COPY_PHASE_STRIP = NO;
				DEBUG_INFORMATION_FORMAT = dwarf;
				ENABLE_STRICT_OBJC_MSGSEND = YES;
				ENABLE_TESTABILITY = YES;
				GCC_C_LANGUAGE_STANDARD = gnu11;
				GCC_DYNAMIC_NO_PIC = NO;
				GCC_NO_COMMON_BLOCKS = YES;
				GCC_OPTIMIZATION_LEVEL = 0;
				GCC_PREPROCESSOR_DEFINITIONS = (
					"DEBUG=1",
					"$(inherited)",
				);
				GCC_WARN_64_TO_32_BIT_CONVERSION = YES;
				GCC_WARN_ABOUT_RETURN_TYPE = YES_ERROR;
				GCC_WARN_UNDECLARED_SELECTOR = YES;
				GCC_WARN_UNINITIALIZED_AUTOS = YES_AGGRESSIVE;
				GCC_WARN_UNUSED_FUNCTION = YES;
				GCC_WARN_UNUSED_VARIABLE = YES;
				IPHONEOS_DEPLOYMENT_TARGET = 14.1;
				MTL_ENABLE_DEBUG_INFO = INCLUDE_SOURCE;
				MTL_FAST_MATH = YES;
				ONLY_ACTIVE_ARCH = YES;
				SDKROOT = iphoneos;
			};
			name = Debug;
		};
		CA554FD425642E91009F124F /* Release */ = {
			isa = XCBuildConfiguration;
			buildSettings = {
				ALWAYS_SEARCH_USER_PATHS = NO;
				CLANG_ANALYZER_LOCALIZABILITY_NONLOCALIZED = YES;
				CLANG_ANALYZER_NONNULL = YES;
				CLANG_ANALYZER_NUMBER_OBJECT_CONVERSION = YES_AGGRESSIVE;
				CLANG_CXX_LANGUAGE_STANDARD = "gnu++14";
				CLANG_CXX_LIBRARY = "libc++";
				CLANG_ENABLE_MODULES = YES;
				CLANG_ENABLE_OBJC_ARC = NO;
				CLANG_ENABLE_OBJC_WEAK = YES;
				CLANG_WARN_BLOCK_CAPTURE_AUTORELEASING = YES;
				CLANG_WARN_BOOL_CONVERSION = YES;
				CLANG_WARN_COMMA = YES;
				CLANG_WARN_CONSTANT_CONVERSION = YES;
				CLANG_WARN_DEPRECATED_OBJC_IMPLEMENTATIONS = YES;
				CLANG_WARN_DIRECT_OBJC_ISA_USAGE = YES_ERROR;
				CLANG_WARN_DOCUMENTATION_COMMENTS = YES;
				CLANG_WARN_EMPTY_BODY = YES;
				CLANG_WARN_ENUM_CONVERSION = YES;
				CLANG_WARN_INFINITE_RECURSION = YES;
				CLANG_WARN_INT_CONVERSION = YES;
				CLANG_WARN_NON_LITERAL_NULL_CONVERSION = YES;
				CLANG_WARN_OBJC_IMPLICIT_RETAIN_SELF = YES;
				CLANG_WARN_OBJC_LITERAL_CONVERSION = YES;
				CLANG_WARN_OBJC_ROOT_CLASS = YES_ERROR;
				CLANG_WARN_QUOTED_INCLUDE_IN_FRAMEWORK_HEADER = YES;
				CLANG_WARN_RANGE_LOOP_ANALYSIS = YES;
				CLANG_WARN_STRICT_PROTOTYPES = YES;
				CLANG_WARN_SUSPICIOUS_MOVE = YES;
				CLANG_WARN_UNGUARDED_AVAILABILITY = YES_AGGRESSIVE;
				CLANG_WARN_UNREACHABLE_CODE = YES;
				CLANG_WARN__DUPLICATE_METHOD_MATCH = YES;
				COPY_PHASE_STRIP = NO;
				DEBUG_INFORMATION_FORMAT = "dwarf-with-dsym";
				ENABLE_NS_ASSERTIONS = NO;
				ENABLE_STRICT_OBJC_MSGSEND = YES;
				GCC_C_LANGUAGE_STANDARD = gnu11;
				GCC_NO_COMMON_BLOCKS = YES;
				GCC_WARN_64_TO_32_BIT_CONVERSION = YES;
				GCC_WARN_ABOUT_RETURN_TYPE = YES_ERROR;
				GCC_WARN_UNDECLARED_SELECTOR = YES;
				GCC_WARN_UNINITIALIZED_AUTOS = YES_AGGRESSIVE;
				GCC_WARN_UNUSED_FUNCTION = YES;
				GCC_WARN_UNUSED_VARIABLE = YES;
				IPHONEOS_DEPLOYMENT_TARGET = 14.1;
				MTL_ENABLE_DEBUG_INFO = NO;
				MTL_FAST_MATH = YES;
				SDKROOT = iphoneos;
				VALIDATE_PRODUCT = YES;
			};
			name = Release;
		};
		CA554FD625642E91009F124F /* Debug */ = {
			isa = XCBuildConfiguration;
			buildSettings = {
				ASSETCATALOG_COMPILER_APPICON_NAME = AppIcon;
				ASSETCATALOG_COMPILER_GLOBAL_ACCENT_COLOR_NAME = AccentColor;
				CLANG_ENABLE_OBJC_ARC = NO;
				CODE_SIGN_STYLE = Automatic;
				DEVELOPMENT_TEAM = X72RL872QP;
				INFOPLIST_FILE = "RSS Reader/Info.plist";
				IPHONEOS_DEPLOYMENT_TARGET = 12.0;
				LD_RUNPATH_SEARCH_PATHS = (
					"$(inherited)",
					"@executable_path/Frameworks",
				);
				PRODUCT_BUNDLE_IDENTIFIER = "lina.loyko.RSS-Reader";
				PRODUCT_NAME = "$(TARGET_NAME)";
				TARGETED_DEVICE_FAMILY = "1,2";
			};
			name = Debug;
		};
		CA554FD725642E91009F124F /* Release */ = {
			isa = XCBuildConfiguration;
			buildSettings = {
				ASSETCATALOG_COMPILER_APPICON_NAME = AppIcon;
				ASSETCATALOG_COMPILER_GLOBAL_ACCENT_COLOR_NAME = AccentColor;
				CLANG_ENABLE_OBJC_ARC = NO;
				CODE_SIGN_STYLE = Automatic;
				DEVELOPMENT_TEAM = X72RL872QP;
				INFOPLIST_FILE = "RSS Reader/Info.plist";
				IPHONEOS_DEPLOYMENT_TARGET = 12.0;
				LD_RUNPATH_SEARCH_PATHS = (
					"$(inherited)",
					"@executable_path/Frameworks",
				);
				PRODUCT_BUNDLE_IDENTIFIER = "lina.loyko.RSS-Reader";
				PRODUCT_NAME = "$(TARGET_NAME)";
				TARGETED_DEVICE_FAMILY = "1,2";
			};
			name = Release;
		};
/* End XCBuildConfiguration section */

/* Begin XCConfigurationList section */
		CA554FB725642E8E009F124F /* Build configuration list for PBXProject "RSS Reader" */ = {
			isa = XCConfigurationList;
			buildConfigurations = (
				CA554FD325642E91009F124F /* Debug */,
				CA554FD425642E91009F124F /* Release */,
			);
			defaultConfigurationIsVisible = 0;
			defaultConfigurationName = Release;
		};
		CA554FD525642E91009F124F /* Build configuration list for PBXNativeTarget "RSS Reader" */ = {
			isa = XCConfigurationList;
			buildConfigurations = (
				CA554FD625642E91009F124F /* Debug */,
				CA554FD725642E91009F124F /* Release */,
			);
			defaultConfigurationIsVisible = 0;
			defaultConfigurationName = Release;
		};
/* End XCConfigurationList section */
	};
	rootObject = CA554FB425642E8E009F124F /* Project object */;
}
